// !$*UTF8*$!
{
	archiveVersion = 1;
	classes = {
	};
	objectVersion = 48;
	objects = {

/* Begin PBXBuildFile section */
		2074719DE9A77B82D2A07441 /* Pods_Trace.framework in Frameworks */ = {isa = PBXBuildFile; fileRef = 793744D16C4BE13284373E6B /* Pods_Trace.framework */; };
		CA09C9741FBC040E00E99E8B /* MyPageCollectionView.xib in Resources */ = {isa = PBXBuildFile; fileRef = CA09C9731FBC040E00E99E8B /* MyPageCollectionView.xib */; };
		CA09C9761FBC041F00E99E8B /* TimelinePeople.xib in Resources */ = {isa = PBXBuildFile; fileRef = CA09C9751FBC041F00E99E8B /* TimelinePeople.xib */; };
		CA09C9781FBC048D00E99E8B /* MyPageCollectionView.swift in Sources */ = {isa = PBXBuildFile; fileRef = CA09C9771FBC048D00E99E8B /* MyPageCollectionView.swift */; };
		CA09C97A1FBC049E00E99E8B /* TimelinePeople.swift in Sources */ = {isa = PBXBuildFile; fileRef = CA09C9791FBC049E00E99E8B /* TimelinePeople.swift */; };
		CA09C97C1FBC0B9600E99E8B /* MyPageCollectionViewCell.xib in Resources */ = {isa = PBXBuildFile; fileRef = CA09C97B1FBC0B9600E99E8B /* MyPageCollectionViewCell.xib */; };
		CA4250D41FB1D65E00549A40 /* Assets.xcassets in Resources */ = {isa = PBXBuildFile; fileRef = CA4250D31FB1D65E00549A40 /* Assets.xcassets */; };
		CA4DD78C1FA8AB7700DA6810 /* ImageVO.swift in Sources */ = {isa = PBXBuildFile; fileRef = CA4DD78B1FA8AB7700DA6810 /* ImageVO.swift */; };
		CA5DA1F21F986B2D0049D545 /* UploadTextModel.swift in Sources */ = {isa = PBXBuildFile; fileRef = CA5DA1F11F986B2D0049D545 /* UploadTextModel.swift */; };
		CA5DA1F41F986BC30049D545 /* TextVO.swift in Sources */ = {isa = PBXBuildFile; fileRef = CA5DA1F31F986BC30049D545 /* TextVO.swift */; };
		CA7776561F9CC53300F5F90A /* ARBlueBottomButton.swift in Sources */ = {isa = PBXBuildFile; fileRef = CA7776551F9CC53200F5F90A /* ARBlueBottomButton.swift */; };
		CA85BC251F949437004B3077 /* AppDelegate.swift in Sources */ = {isa = PBXBuildFile; fileRef = CA85BC241F949437004B3077 /* AppDelegate.swift */; };
		CA85BC271F949437004B3077 /* ARSceneViewController.swift in Sources */ = {isa = PBXBuildFile; fileRef = CA85BC261F949437004B3077 /* ARSceneViewController.swift */; };
		CA85BC2A1F949437004B3077 /* Main.storyboard in Resources */ = {isa = PBXBuildFile; fileRef = CA85BC281F949437004B3077 /* Main.storyboard */; };
		CA85BC2D1F949438004B3077 /* Trace.xcdatamodeld in Sources */ = {isa = PBXBuildFile; fileRef = CA85BC2B1F949437004B3077 /* Trace.xcdatamodeld */; };
		CA85BC321F949438004B3077 /* LaunchScreen.storyboard in Resources */ = {isa = PBXBuildFile; fileRef = CA85BC301F949438004B3077 /* LaunchScreen.storyboard */; };
		CA85BC3A1F94E424004B3077 /* ARTextViewController.swift in Sources */ = {isa = PBXBuildFile; fileRef = CA85BC391F94E424004B3077 /* ARTextViewController.swift */; };
		CA85BC3C1F94E436004B3077 /* ARImageViewController.swift in Sources */ = {isa = PBXBuildFile; fileRef = CA85BC3B1F94E436004B3077 /* ARImageViewController.swift */; };
		CAAA853D1FB02CC3006EB9FD /* MomanceTests.swift in Sources */ = {isa = PBXBuildFile; fileRef = CAAA853C1FB02CC3006EB9FD /* MomanceTests.swift */; };
		CACCADF41FA16E2800101702 /* User.plist in Resources */ = {isa = PBXBuildFile; fileRef = CACCADF31FA16E2800101702 /* User.plist */; };
		CACCAE031FA2DC7D00101702 /* UIMainSCNView.swift in Sources */ = {isa = PBXBuildFile; fileRef = CACCAE021FA2DC7D00101702 /* UIMainSCNView.swift */; };
		CACCAE051FA2DD1E00101702 /* UITextSCNView.xib in Resources */ = {isa = PBXBuildFile; fileRef = CACCAE041FA2DD1E00101702 /* UITextSCNView.xib */; };
		CACCAE091FA2DEF100101702 /* UIImageSCNView.xib in Resources */ = {isa = PBXBuildFile; fileRef = CACCAE081FA2DEF100101702 /* UIImageSCNView.xib */; };
		CACCAE0B1FA2DF1B00101702 /* UIMainSCNView.xib in Resources */ = {isa = PBXBuildFile; fileRef = CACCAE0A1FA2DF1B00101702 /* UIMainSCNView.xib */; };
		CACCAE0D1FA2DF4400101702 /* UITextSCNView.swift in Sources */ = {isa = PBXBuildFile; fileRef = CACCAE0C1FA2DF4400101702 /* UITextSCNView.swift */; };
		CACCAE0F1FA2DF5500101702 /* UIImageSCNView.swift in Sources */ = {isa = PBXBuildFile; fileRef = CACCAE0E1FA2DF5500101702 /* UIImageSCNView.swift */; };
		CAF69A6E1F94ED5A00757249 /* MyPageViewController.swift in Sources */ = {isa = PBXBuildFile; fileRef = CAF69A6D1F94ED5A00757249 /* MyPageViewController.swift */; };
/* End PBXBuildFile section */

/* Begin PBXContainerItemProxy section */
		CAAA853F1FB02CC3006EB9FD /* PBXContainerItemProxy */ = {
			isa = PBXContainerItemProxy;
			containerPortal = CA85BC191F949437004B3077 /* Project object */;
			proxyType = 1;
			remoteGlobalIDString = CA85BC201F949437004B3077;
			remoteInfo = Momance;
		};
/* End PBXContainerItemProxy section */

/* Begin PBXFileReference section */
		186A6E2EE5EB575307CD0484 /* Pods-Trace.debug.xcconfig */ = {isa = PBXFileReference; includeInIndex = 1; lastKnownFileType = text.xcconfig; name = "Pods-Trace.debug.xcconfig"; path = "Pods/Target Support Files/Pods-Trace/Pods-Trace.debug.xcconfig"; sourceTree = "<group>"; };
		550563989BE4D07EC1800AA4 /* Pods-Trace.release.xcconfig */ = {isa = PBXFileReference; includeInIndex = 1; lastKnownFileType = text.xcconfig; name = "Pods-Trace.release.xcconfig"; path = "Pods/Target Support Files/Pods-Trace/Pods-Trace.release.xcconfig"; sourceTree = "<group>"; };
		793744D16C4BE13284373E6B /* Pods_Trace.framework */ = {isa = PBXFileReference; explicitFileType = wrapper.framework; includeInIndex = 0; path = Pods_Trace.framework; sourceTree = BUILT_PRODUCTS_DIR; };
		CA09C9731FBC040E00E99E8B /* MyPageCollectionView.xib */ = {isa = PBXFileReference; lastKnownFileType = file.xib; path = MyPageCollectionView.xib; sourceTree = "<group>"; };
		CA09C9751FBC041F00E99E8B /* TimelinePeople.xib */ = {isa = PBXFileReference; lastKnownFileType = file.xib; path = TimelinePeople.xib; sourceTree = "<group>"; };
		CA09C9771FBC048D00E99E8B /* MyPageCollectionView.swift */ = {isa = PBXFileReference; lastKnownFileType = sourcecode.swift; path = MyPageCollectionView.swift; sourceTree = "<group>"; };
		CA09C9791FBC049E00E99E8B /* TimelinePeople.swift */ = {isa = PBXFileReference; lastKnownFileType = sourcecode.swift; path = TimelinePeople.swift; sourceTree = "<group>"; };
		CA09C97B1FBC0B9600E99E8B /* MyPageCollectionViewCell.xib */ = {isa = PBXFileReference; lastKnownFileType = file.xib; path = MyPageCollectionViewCell.xib; sourceTree = "<group>"; };
		CA4250D31FB1D65E00549A40 /* Assets.xcassets */ = {isa = PBXFileReference; lastKnownFileType = folder.assetcatalog; path = Assets.xcassets; sourceTree = "<group>"; };
		CA4DD78B1FA8AB7700DA6810 /* ImageVO.swift */ = {isa = PBXFileReference; lastKnownFileType = sourcecode.swift; path = ImageVO.swift; sourceTree = "<group>"; };
		CA5DA1F11F986B2D0049D545 /* UploadTextModel.swift */ = {isa = PBXFileReference; lastKnownFileType = sourcecode.swift; path = UploadTextModel.swift; sourceTree = "<group>"; };
		CA5DA1F31F986BC30049D545 /* TextVO.swift */ = {isa = PBXFileReference; lastKnownFileType = sourcecode.swift; path = TextVO.swift; sourceTree = "<group>"; };
		CA7776551F9CC53200F5F90A /* ARBlueBottomButton.swift */ = {isa = PBXFileReference; lastKnownFileType = sourcecode.swift; path = ARBlueBottomButton.swift; sourceTree = "<group>"; };
		CA85BC211F949437004B3077 /* Momence.app */ = {isa = PBXFileReference; explicitFileType = wrapper.application; includeInIndex = 0; path = Momence.app; sourceTree = BUILT_PRODUCTS_DIR; };
		CA85BC241F949437004B3077 /* AppDelegate.swift */ = {isa = PBXFileReference; lastKnownFileType = sourcecode.swift; path = AppDelegate.swift; sourceTree = "<group>"; };
		CA85BC261F949437004B3077 /* ARSceneViewController.swift */ = {isa = PBXFileReference; lastKnownFileType = sourcecode.swift; path = ARSceneViewController.swift; sourceTree = "<group>"; };
		CA85BC291F949437004B3077 /* Base */ = {isa = PBXFileReference; lastKnownFileType = file.storyboard; name = Base; path = Base.lproj/Main.storyboard; sourceTree = "<group>"; };
		CA85BC2C1F949438004B3077 /* Trace.xcdatamodel */ = {isa = PBXFileReference; lastKnownFileType = wrapper.xcdatamodel; path = Trace.xcdatamodel; sourceTree = "<group>"; };
		CA85BC311F949438004B3077 /* Base */ = {isa = PBXFileReference; lastKnownFileType = file.storyboard; name = Base; path = Base.lproj/LaunchScreen.storyboard; sourceTree = "<group>"; };
		CA85BC331F949438004B3077 /* Info.plist */ = {isa = PBXFileReference; lastKnownFileType = text.plist.xml; path = Info.plist; sourceTree = "<group>"; };
		CA85BC391F94E424004B3077 /* ARTextViewController.swift */ = {isa = PBXFileReference; lastKnownFileType = sourcecode.swift; path = ARTextViewController.swift; sourceTree = "<group>"; };
		CA85BC3B1F94E436004B3077 /* ARImageViewController.swift */ = {isa = PBXFileReference; lastKnownFileType = sourcecode.swift; path = ARImageViewController.swift; sourceTree = "<group>"; };
		CAAA853A1FB02CC3006EB9FD /* MomenceTests.xctest */ = {isa = PBXFileReference; explicitFileType = wrapper.cfbundle; includeInIndex = 0; path = MomenceTests.xctest; sourceTree = BUILT_PRODUCTS_DIR; };
		CAAA853C1FB02CC3006EB9FD /* MomanceTests.swift */ = {isa = PBXFileReference; lastKnownFileType = sourcecode.swift; path = MomanceTests.swift; sourceTree = "<group>"; };
		CAAA853E1FB02CC3006EB9FD /* Info.plist */ = {isa = PBXFileReference; lastKnownFileType = text.plist.xml; path = Info.plist; sourceTree = "<group>"; };
		CACCADF31FA16E2800101702 /* User.plist */ = {isa = PBXFileReference; lastKnownFileType = text.plist.xml; path = User.plist; sourceTree = "<group>"; };
		CACCAE021FA2DC7D00101702 /* UIMainSCNView.swift */ = {isa = PBXFileReference; lastKnownFileType = sourcecode.swift; path = UIMainSCNView.swift; sourceTree = "<group>"; };
		CACCAE041FA2DD1E00101702 /* UITextSCNView.xib */ = {isa = PBXFileReference; lastKnownFileType = file.xib; path = UITextSCNView.xib; sourceTree = "<group>"; };
		CACCAE081FA2DEF100101702 /* UIImageSCNView.xib */ = {isa = PBXFileReference; lastKnownFileType = file.xib; path = UIImageSCNView.xib; sourceTree = "<group>"; };
		CACCAE0A1FA2DF1B00101702 /* UIMainSCNView.xib */ = {isa = PBXFileReference; lastKnownFileType = file.xib; path = UIMainSCNView.xib; sourceTree = "<group>"; };
		CACCAE0C1FA2DF4400101702 /* UITextSCNView.swift */ = {isa = PBXFileReference; lastKnownFileType = sourcecode.swift; path = UITextSCNView.swift; sourceTree = "<group>"; };
		CACCAE0E1FA2DF5500101702 /* UIImageSCNView.swift */ = {isa = PBXFileReference; lastKnownFileType = sourcecode.swift; path = UIImageSCNView.swift; sourceTree = "<group>"; };
		CAF69A6D1F94ED5A00757249 /* MyPageViewController.swift */ = {isa = PBXFileReference; lastKnownFileType = sourcecode.swift; path = MyPageViewController.swift; sourceTree = "<group>"; };
		CAF69A721F9500AE00757249 /* arrow-back@2x.png */ = {isa = PBXFileReference; lastKnownFileType = image.png; path = "arrow-back@2x.png"; sourceTree = "<group>"; };
		CAF69A731F952C0600757249 /* arrow-forward@2x.png */ = {isa = PBXFileReference; lastKnownFileType = image.png; path = "arrow-forward@2x.png"; sourceTree = "<group>"; };
/* End PBXFileReference section */

/* Begin PBXFrameworksBuildPhase section */
		CA85BC1E1F949437004B3077 /* Frameworks */ = {
			isa = PBXFrameworksBuildPhase;
			buildActionMask = 2147483647;
			files = (
				2074719DE9A77B82D2A07441 /* Pods_Trace.framework in Frameworks */,
			);
			runOnlyForDeploymentPostprocessing = 0;
		};
		CAAA85371FB02CC3006EB9FD /* Frameworks */ = {
			isa = PBXFrameworksBuildPhase;
			buildActionMask = 2147483647;
			files = (
			);
			runOnlyForDeploymentPostprocessing = 0;
		};
/* End PBXFrameworksBuildPhase section */

/* Begin PBXGroup section */
		1254C61617539D298B3DD872 /* Frameworks */ = {
			isa = PBXGroup;
			children = (
				793744D16C4BE13284373E6B /* Pods_Trace.framework */,
			);
			name = Frameworks;
			sourceTree = "<group>";
		};
		125A8E86CC682F5E742C593D /* Pods */ = {
			isa = PBXGroup;
			children = (
				186A6E2EE5EB575307CD0484 /* Pods-Trace.debug.xcconfig */,
				550563989BE4D07EC1800AA4 /* Pods-Trace.release.xcconfig */,
			);
			name = Pods;
			sourceTree = "<group>";
		};
		CA5DA1F01F986B0C0049D545 /* Model */ = {
			isa = PBXGroup;
			children = (
				CA5DA1F51F986BCE0049D545 /* VO */,
				CA5DA1F11F986B2D0049D545 /* UploadTextModel.swift */,
			);
			path = Model;
			sourceTree = "<group>";
		};
		CA5DA1F51F986BCE0049D545 /* VO */ = {
			isa = PBXGroup;
			children = (
				CA5DA1F31F986BC30049D545 /* TextVO.swift */,
				CA4DD78B1FA8AB7700DA6810 /* ImageVO.swift */,
			);
			path = VO;
			sourceTree = "<group>";
		};
		CA5DA1F61F98DBA30049D545 /* ViewController */ = {
			isa = PBXGroup;
			children = (
				CA85BC261F949437004B3077 /* ARSceneViewController.swift */,
				CA85BC3B1F94E436004B3077 /* ARImageViewController.swift */,
				CAF69A6D1F94ED5A00757249 /* MyPageViewController.swift */,
				CA85BC391F94E424004B3077 /* ARTextViewController.swift */,
			);
			path = ViewController;
			sourceTree = "<group>";
		};
		CA7776541F9CC4FE00F5F90A /* CustomUI */ = {
			isa = PBXGroup;
			children = (
				CA7776551F9CC53200F5F90A /* ARBlueBottomButton.swift */,
				CACCAE0A1FA2DF1B00101702 /* UIMainSCNView.xib */,
				CACCAE041FA2DD1E00101702 /* UITextSCNView.xib */,
				CACCAE081FA2DEF100101702 /* UIImageSCNView.xib */,
				CACCAE021FA2DC7D00101702 /* UIMainSCNView.swift */,
				CACCAE0C1FA2DF4400101702 /* UITextSCNView.swift */,
				CACCAE0E1FA2DF5500101702 /* UIImageSCNView.swift */,
				CA09C9731FBC040E00E99E8B /* MyPageCollectionView.xib */,
				CA09C97B1FBC0B9600E99E8B /* MyPageCollectionViewCell.xib */,
				CA09C9751FBC041F00E99E8B /* TimelinePeople.xib */,
				CA09C9771FBC048D00E99E8B /* MyPageCollectionView.swift */,
				CA09C9791FBC049E00E99E8B /* TimelinePeople.swift */,
			);
			path = CustomUI;
			sourceTree = "<group>";
		};
		CA85BC181F949437004B3077 = {
			isa = PBXGroup;
			children = (
				CAF69A711F9500A500757249 /* Resources */,
				CA85BC231F949437004B3077 /* Trace */,
				CAAA853B1FB02CC3006EB9FD /* MomanceTests */,
				CA85BC221F949437004B3077 /* Products */,
				125A8E86CC682F5E742C593D /* Pods */,
				1254C61617539D298B3DD872 /* Frameworks */,
			);
			sourceTree = "<group>";
		};
		CA85BC221F949437004B3077 /* Products */ = {
			isa = PBXGroup;
			children = (
				CA85BC211F949437004B3077 /* Momence.app */,
				CAAA853A1FB02CC3006EB9FD /* MomenceTests.xctest */,
			);
			name = Products;
			sourceTree = "<group>";
		};
		CA85BC231F949437004B3077 /* Trace */ = {
			isa = PBXGroup;
			children = (
				CA7776541F9CC4FE00F5F90A /* CustomUI */,
				CA5DA1F01F986B0C0049D545 /* Model */,
				CA5DA1F61F98DBA30049D545 /* ViewController */,
				CA85BC241F949437004B3077 /* AppDelegate.swift */,
				CA85BC281F949437004B3077 /* Main.storyboard */,
				CA85BC301F949438004B3077 /* LaunchScreen.storyboard */,
				CA85BC331F949438004B3077 /* Info.plist */,
				CACCADF31FA16E2800101702 /* User.plist */,
				CA85BC2B1F949437004B3077 /* Trace.xcdatamodeld */,
				CA4250D31FB1D65E00549A40 /* Assets.xcassets */,
			);
			path = Trace;
			sourceTree = "<group>";
		};
		CAAA853B1FB02CC3006EB9FD /* MomanceTests */ = {
			isa = PBXGroup;
			children = (
				CAAA853C1FB02CC3006EB9FD /* MomanceTests.swift */,
				CAAA853E1FB02CC3006EB9FD /* Info.plist */,
			);
			path = MomanceTests;
			sourceTree = "<group>";
		};
		CAF69A711F9500A500757249 /* Resources */ = {
			isa = PBXGroup;
			children = (
				CAF69A721F9500AE00757249 /* arrow-back@2x.png */,
				CAF69A731F952C0600757249 /* arrow-forward@2x.png */,
			);
			path = Resources;
			sourceTree = "<group>";
		};
/* End PBXGroup section */

/* Begin PBXNativeTarget section */
		CA85BC201F949437004B3077 /* Momence */ = {
			isa = PBXNativeTarget;
			buildConfigurationList = CA85BC361F949438004B3077 /* Build configuration list for PBXNativeTarget "Momence" */;
			buildPhases = (
				09C61BFA0B862B3C222EFFEF /* [CP] Check Pods Manifest.lock */,
				CA85BC1D1F949437004B3077 /* Sources */,
				CA85BC1E1F949437004B3077 /* Frameworks */,
				CA85BC1F1F949437004B3077 /* Resources */,
				B1FF0C2758975FA2BF298512 /* [CP] Embed Pods Frameworks */,
				02B0178E32D2A3AAD1231B0A /* [CP] Copy Pods Resources */,
			);
			buildRules = (
			);
			dependencies = (
			);
			name = Momence;
			productName = Trace;
			productReference = CA85BC211F949437004B3077 /* Momence.app */;
			productType = "com.apple.product-type.application";
		};
		CAAA85391FB02CC3006EB9FD /* MomenceTests */ = {
			isa = PBXNativeTarget;
			buildConfigurationList = CAAA85431FB02CC3006EB9FD /* Build configuration list for PBXNativeTarget "MomenceTests" */;
			buildPhases = (
				CAAA85361FB02CC3006EB9FD /* Sources */,
				CAAA85371FB02CC3006EB9FD /* Frameworks */,
				CAAA85381FB02CC3006EB9FD /* Resources */,
			);
			buildRules = (
			);
			dependencies = (
				CAAA85401FB02CC3006EB9FD /* PBXTargetDependency */,
			);
			name = MomenceTests;
			productName = MomanceTests;
			productReference = CAAA853A1FB02CC3006EB9FD /* MomenceTests.xctest */;
			productType = "com.apple.product-type.bundle.unit-test";
		};
/* End PBXNativeTarget section */

/* Begin PBXProject section */
		CA85BC191F949437004B3077 /* Project object */ = {
			isa = PBXProject;
			attributes = {
				LastSwiftUpdateCheck = 0910;
				LastUpgradeCheck = 0900;
				ORGANIZATIONNAME = Shifter;
				TargetAttributes = {
					CA85BC201F949437004B3077 = {
						CreatedOnToolsVersion = 9.0;
						ProvisioningStyle = Automatic;
					};
					CAAA85391FB02CC3006EB9FD = {
						CreatedOnToolsVersion = 9.1;
						ProvisioningStyle = Automatic;
						TestTargetID = CA85BC201F949437004B3077;
					};
				};
			};
			buildConfigurationList = CA85BC1C1F949437004B3077 /* Build configuration list for PBXProject "Momence" */;
			compatibilityVersion = "Xcode 8.0";
			developmentRegion = en;
			hasScannedForEncodings = 0;
			knownRegions = (
				en,
				Base,
			);
			mainGroup = CA85BC181F949437004B3077;
			productRefGroup = CA85BC221F949437004B3077 /* Products */;
			projectDirPath = "";
			projectRoot = "";
			targets = (
				CA85BC201F949437004B3077 /* Momence */,
				CAAA85391FB02CC3006EB9FD /* MomenceTests */,
			);
		};
/* End PBXProject section */

/* Begin PBXResourcesBuildPhase section */
		CA85BC1F1F949437004B3077 /* Resources */ = {
			isa = PBXResourcesBuildPhase;
			buildActionMask = 2147483647;
			files = (
				CA85BC321F949438004B3077 /* LaunchScreen.storyboard in Resources */,
				CA4250D41FB1D65E00549A40 /* Assets.xcassets in Resources */,
				CACCADF41FA16E2800101702 /* User.plist in Resources */,
				CACCAE0B1FA2DF1B00101702 /* UIMainSCNView.xib in Resources */,
				CACCAE091FA2DEF100101702 /* UIImageSCNView.xib in Resources */,
				CA09C9761FBC041F00E99E8B /* TimelinePeople.xib in Resources */,
				CA85BC2A1F949437004B3077 /* Main.storyboard in Resources */,
				CA09C97C1FBC0B9600E99E8B /* MyPageCollectionViewCell.xib in Resources */,
				CA09C9741FBC040E00E99E8B /* MyPageCollectionView.xib in Resources */,
				CACCAE051FA2DD1E00101702 /* UITextSCNView.xib in Resources */,
			);
			runOnlyForDeploymentPostprocessing = 0;
		};
		CAAA85381FB02CC3006EB9FD /* Resources */ = {
			isa = PBXResourcesBuildPhase;
			buildActionMask = 2147483647;
			files = (
			);
			runOnlyForDeploymentPostprocessing = 0;
		};
/* End PBXResourcesBuildPhase section */

/* Begin PBXShellScriptBuildPhase section */
		02B0178E32D2A3AAD1231B0A /* [CP] Copy Pods Resources */ = {
			isa = PBXShellScriptBuildPhase;
			buildActionMask = 2147483647;
			files = (
			);
			inputPaths = (
			);
			name = "[CP] Copy Pods Resources";
			outputPaths = (
			);
			runOnlyForDeploymentPostprocessing = 0;
			shellPath = /bin/sh;
			shellScript = "\"${SRCROOT}/Pods/Target Support Files/Pods-Trace/Pods-Trace-resources.sh\"\n";
			showEnvVarsInLog = 0;
		};
		09C61BFA0B862B3C222EFFEF /* [CP] Check Pods Manifest.lock */ = {
			isa = PBXShellScriptBuildPhase;
			buildActionMask = 2147483647;
			files = (
			);
			inputPaths = (
				"${PODS_PODFILE_DIR_PATH}/Podfile.lock",
				"${PODS_ROOT}/Manifest.lock",
			);
			name = "[CP] Check Pods Manifest.lock";
			outputPaths = (
				"$(DERIVED_FILE_DIR)/Pods-Trace-checkManifestLockResult.txt",
			);
			runOnlyForDeploymentPostprocessing = 0;
			shellPath = /bin/sh;
			shellScript = "diff \"${PODS_PODFILE_DIR_PATH}/Podfile.lock\" \"${PODS_ROOT}/Manifest.lock\" > /dev/null\nif [ $? != 0 ] ; then\n    # print error to STDERR\n    echo \"error: The sandbox is not in sync with the Podfile.lock. Run 'pod install' or update your CocoaPods installation.\" >&2\n    exit 1\nfi\n# This output is used by Xcode 'outputs' to avoid re-running this script phase.\necho \"SUCCESS\" > \"${SCRIPT_OUTPUT_FILE_0}\"\n";
			showEnvVarsInLog = 0;
		};
		B1FF0C2758975FA2BF298512 /* [CP] Embed Pods Frameworks */ = {
			isa = PBXShellScriptBuildPhase;
			buildActionMask = 2147483647;
			files = (
			);
			inputPaths = (
				"${SRCROOT}/Pods/Target Support Files/Pods-Trace/Pods-Trace-frameworks.sh",
				"${BUILT_PRODUCTS_DIR}/TLPhotoPicker/TLPhotoPicker.framework",
			);
			name = "[CP] Embed Pods Frameworks";
			outputPaths = (
				"${TARGET_BUILD_DIR}/${FRAMEWORKS_FOLDER_PATH}/TLPhotoPicker.framework",
			);
			runOnlyForDeploymentPostprocessing = 0;
			shellPath = /bin/sh;
			shellScript = "\"${SRCROOT}/Pods/Target Support Files/Pods-Trace/Pods-Trace-frameworks.sh\"\n";
			showEnvVarsInLog = 0;
		};
/* End PBXShellScriptBuildPhase section */

/* Begin PBXSourcesBuildPhase section */
		CA85BC1D1F949437004B3077 /* Sources */ = {
			isa = PBXSourcesBuildPhase;
			buildActionMask = 2147483647;
			files = (
				CA85BC3A1F94E424004B3077 /* ARTextViewController.swift in Sources */,
				CAF69A6E1F94ED5A00757249 /* MyPageViewController.swift in Sources */,
				CA7776561F9CC53300F5F90A /* ARBlueBottomButton.swift in Sources */,
				CACCAE0D1FA2DF4400101702 /* UITextSCNView.swift in Sources */,
				CA09C97A1FBC049E00E99E8B /* TimelinePeople.swift in Sources */,
				CA85BC271F949437004B3077 /* ARSceneViewController.swift in Sources */,
				CA85BC2D1F949438004B3077 /* Trace.xcdatamodeld in Sources */,
				CA09C9781FBC048D00E99E8B /* MyPageCollectionView.swift in Sources */,
				CA5DA1F21F986B2D0049D545 /* UploadTextModel.swift in Sources */,
				CA4DD78C1FA8AB7700DA6810 /* ImageVO.swift in Sources */,
				CACCAE031FA2DC7D00101702 /* UIMainSCNView.swift in Sources */,
				CA85BC251F949437004B3077 /* AppDelegate.swift in Sources */,
				CA85BC3C1F94E436004B3077 /* ARImageViewController.swift in Sources */,
				CA5DA1F41F986BC30049D545 /* TextVO.swift in Sources */,
				CACCAE0F1FA2DF5500101702 /* UIImageSCNView.swift in Sources */,
			);
			runOnlyForDeploymentPostprocessing = 0;
		};
		CAAA85361FB02CC3006EB9FD /* Sources */ = {
			isa = PBXSourcesBuildPhase;
			buildActionMask = 2147483647;
			files = (
				CAAA853D1FB02CC3006EB9FD /* MomanceTests.swift in Sources */,
			);
			runOnlyForDeploymentPostprocessing = 0;
		};
/* End PBXSourcesBuildPhase section */

/* Begin PBXTargetDependency section */
		CAAA85401FB02CC3006EB9FD /* PBXTargetDependency */ = {
			isa = PBXTargetDependency;
			target = CA85BC201F949437004B3077 /* Momence */;
			targetProxy = CAAA853F1FB02CC3006EB9FD /* PBXContainerItemProxy */;
		};
/* End PBXTargetDependency section */

/* Begin PBXVariantGroup section */
		CA85BC281F949437004B3077 /* Main.storyboard */ = {
			isa = PBXVariantGroup;
			children = (
				CA85BC291F949437004B3077 /* Base */,
			);
			name = Main.storyboard;
			sourceTree = "<group>";
		};
		CA85BC301F949438004B3077 /* LaunchScreen.storyboard */ = {
			isa = PBXVariantGroup;
			children = (
				CA85BC311F949438004B3077 /* Base */,
			);
			name = LaunchScreen.storyboard;
			sourceTree = "<group>";
		};
/* End PBXVariantGroup section */

/* Begin XCBuildConfiguration section */
		CA85BC341F949438004B3077 /* Debug */ = {
			isa = XCBuildConfiguration;
			buildSettings = {
				ALWAYS_SEARCH_USER_PATHS = NO;
				CLANG_ANALYZER_NONNULL = YES;
				CLANG_ANALYZER_NUMBER_OBJECT_CONVERSION = YES_AGGRESSIVE;
				CLANG_CXX_LANGUAGE_STANDARD = "gnu++14";
				CLANG_CXX_LIBRARY = "libc++";
				CLANG_ENABLE_MODULES = YES;
				CLANG_ENABLE_OBJC_ARC = YES;
				CLANG_WARN_BLOCK_CAPTURE_AUTORELEASING = YES;
				CLANG_WARN_BOOL_CONVERSION = YES;
				CLANG_WARN_COMMA = YES;
				CLANG_WARN_CONSTANT_CONVERSION = YES;
				CLANG_WARN_DIRECT_OBJC_ISA_USAGE = YES_ERROR;
				CLANG_WARN_DOCUMENTATION_COMMENTS = YES;
				CLANG_WARN_EMPTY_BODY = YES;
				CLANG_WARN_ENUM_CONVERSION = YES;
				CLANG_WARN_INFINITE_RECURSION = YES;
				CLANG_WARN_INT_CONVERSION = YES;
				CLANG_WARN_NON_LITERAL_NULL_CONVERSION = YES;
				CLANG_WARN_OBJC_LITERAL_CONVERSION = YES;
				CLANG_WARN_OBJC_ROOT_CLASS = YES_ERROR;
				CLANG_WARN_RANGE_LOOP_ANALYSIS = YES;
				CLANG_WARN_STRICT_PROTOTYPES = YES;
				CLANG_WARN_SUSPICIOUS_MOVE = YES;
				CLANG_WARN_UNGUARDED_AVAILABILITY = YES_AGGRESSIVE;
				CLANG_WARN_UNREACHABLE_CODE = YES;
				CLANG_WARN__DUPLICATE_METHOD_MATCH = YES;
				CODE_SIGN_IDENTITY = "iPhone Developer";
				COPY_PHASE_STRIP = NO;
				DEBUG_INFORMATION_FORMAT = dwarf;
				ENABLE_STRICT_OBJC_MSGSEND = YES;
				ENABLE_TESTABILITY = YES;
				GCC_C_LANGUAGE_STANDARD = gnu11;
				GCC_DYNAMIC_NO_PIC = NO;
				GCC_NO_COMMON_BLOCKS = YES;
				GCC_OPTIMIZATION_LEVEL = 0;
				GCC_PREPROCESSOR_DEFINITIONS = (
					"DEBUG=1",
					"$(inherited)",
				);
				GCC_WARN_64_TO_32_BIT_CONVERSION = YES;
				GCC_WARN_ABOUT_RETURN_TYPE = YES_ERROR;
				GCC_WARN_UNDECLARED_SELECTOR = YES;
				GCC_WARN_UNINITIALIZED_AUTOS = YES_AGGRESSIVE;
				GCC_WARN_UNUSED_FUNCTION = YES;
				GCC_WARN_UNUSED_VARIABLE = YES;
				IPHONEOS_DEPLOYMENT_TARGET = 11.0;
				MTL_ENABLE_DEBUG_INFO = YES;
				ONLY_ACTIVE_ARCH = YES;
				SDKROOT = iphoneos;
				SWIFT_ACTIVE_COMPILATION_CONDITIONS = DEBUG;
				SWIFT_OPTIMIZATION_LEVEL = "-Onone";
			};
			name = Debug;
		};
		CA85BC351F949438004B3077 /* Release */ = {
			isa = XCBuildConfiguration;
			buildSettings = {
				ALWAYS_SEARCH_USER_PATHS = NO;
				CLANG_ANALYZER_NONNULL = YES;
				CLANG_ANALYZER_NUMBER_OBJECT_CONVERSION = YES_AGGRESSIVE;
				CLANG_CXX_LANGUAGE_STANDARD = "gnu++14";
				CLANG_CXX_LIBRARY = "libc++";
				CLANG_ENABLE_MODULES = YES;
				CLANG_ENABLE_OBJC_ARC = YES;
				CLANG_WARN_BLOCK_CAPTURE_AUTORELEASING = YES;
				CLANG_WARN_BOOL_CONVERSION = YES;
				CLANG_WARN_COMMA = YES;
				CLANG_WARN_CONSTANT_CONVERSION = YES;
				CLANG_WARN_DIRECT_OBJC_ISA_USAGE = YES_ERROR;
				CLANG_WARN_DOCUMENTATION_COMMENTS = YES;
				CLANG_WARN_EMPTY_BODY = YES;
				CLANG_WARN_ENUM_CONVERSION = YES;
				CLANG_WARN_INFINITE_RECURSION = YES;
				CLANG_WARN_INT_CONVERSION = YES;
				CLANG_WARN_NON_LITERAL_NULL_CONVERSION = YES;
				CLANG_WARN_OBJC_LITERAL_CONVERSION = YES;
				CLANG_WARN_OBJC_ROOT_CLASS = YES_ERROR;
				CLANG_WARN_RANGE_LOOP_ANALYSIS = YES;
				CLANG_WARN_STRICT_PROTOTYPES = YES;
				CLANG_WARN_SUSPICIOUS_MOVE = YES;
				CLANG_WARN_UNGUARDED_AVAILABILITY = YES_AGGRESSIVE;
				CLANG_WARN_UNREACHABLE_CODE = YES;
				CLANG_WARN__DUPLICATE_METHOD_MATCH = YES;
				CODE_SIGN_IDENTITY = "iPhone Developer";
				COPY_PHASE_STRIP = NO;
				DEBUG_INFORMATION_FORMAT = "dwarf-with-dsym";
				ENABLE_NS_ASSERTIONS = NO;
				ENABLE_STRICT_OBJC_MSGSEND = YES;
				GCC_C_LANGUAGE_STANDARD = gnu11;
				GCC_NO_COMMON_BLOCKS = YES;
				GCC_WARN_64_TO_32_BIT_CONVERSION = YES;
				GCC_WARN_ABOUT_RETURN_TYPE = YES_ERROR;
				GCC_WARN_UNDECLARED_SELECTOR = YES;
				GCC_WARN_UNINITIALIZED_AUTOS = YES_AGGRESSIVE;
				GCC_WARN_UNUSED_FUNCTION = YES;
				GCC_WARN_UNUSED_VARIABLE = YES;
				IPHONEOS_DEPLOYMENT_TARGET = 11.0;
				MTL_ENABLE_DEBUG_INFO = NO;
				SDKROOT = iphoneos;
				SWIFT_OPTIMIZATION_LEVEL = "-Owholemodule";
				VALIDATE_PRODUCT = YES;
			};
			name = Release;
		};
		CA85BC371F949438004B3077 /* Debug */ = {
			isa = XCBuildConfiguration;
			baseConfigurationReference = 186A6E2EE5EB575307CD0484 /* Pods-Trace.debug.xcconfig */;
			buildSettings = {
				ASSETCATALOG_COMPILER_APPICON_NAME = AppIcon;
				CODE_SIGN_STYLE = Automatic;
				DEVELOPMENT_TEAM = HGQ9YZ4HTR;
				INFOPLIST_FILE = "$(SRCROOT)/Trace/Info.plist";
				IPHONEOS_DEPLOYMENT_TARGET = 11.0;
				LD_RUNPATH_SEARCH_PATHS = "$(inherited) @executable_path/Frameworks";
				PRODUCT_BUNDLE_IDENTIFIER = com.shifter;
				PRODUCT_NAME = "$(TARGET_NAME)";
				SWIFT_VERSION = 4.0;
				TARGETED_DEVICE_FAMILY = "1,2";
			};
			name = Debug;
		};
		CA85BC381F949438004B3077 /* Release */ = {
			isa = XCBuildConfiguration;
			baseConfigurationReference = 550563989BE4D07EC1800AA4 /* Pods-Trace.release.xcconfig */;
			buildSettings = {
				ASSETCATALOG_COMPILER_APPICON_NAME = AppIcon;
				CODE_SIGN_STYLE = Automatic;
				DEVELOPMENT_TEAM = HGQ9YZ4HTR;
				INFOPLIST_FILE = "$(SRCROOT)/Trace/Info.plist";
				IPHONEOS_DEPLOYMENT_TARGET = 11.0;
				LD_RUNPATH_SEARCH_PATHS = "$(inherited) @executable_path/Frameworks";
				PRODUCT_BUNDLE_IDENTIFIER = com.shifter;
				PRODUCT_NAME = "$(TARGET_NAME)";
				SWIFT_VERSION = 4.0;
				TARGETED_DEVICE_FAMILY = "1,2";
			};
			name = Release;
		};
		CAAA85411FB02CC3006EB9FD /* Debug */ = {
			isa = XCBuildConfiguration;
			buildSettings = {
				BUNDLE_LOADER = "$(TEST_HOST)";
				CODE_SIGN_STYLE = Automatic;
				DEVELOPMENT_TEAM = HGQ9YZ4HTR;
				INFOPLIST_FILE = MomanceTests/Info.plist;
				IPHONEOS_DEPLOYMENT_TARGET = 11.1;
				LD_RUNPATH_SEARCH_PATHS = "$(inherited) @executable_path/Frameworks @loader_path/Frameworks";
				PRODUCT_BUNDLE_IDENTIFIER = com.devming.MomanceTests;
				PRODUCT_NAME = "$(TARGET_NAME)";
				SWIFT_VERSION = 4.0;
				TARGETED_DEVICE_FAMILY = "1,2";
				TEST_HOST = "$(BUILT_PRODUCTS_DIR)/Momence.app/Momence";
			};
			name = Debug;
		};
		CAAA85421FB02CC3006EB9FD /* Release */ = {
			isa = XCBuildConfiguration;
			buildSettings = {
				BUNDLE_LOADER = "$(TEST_HOST)";
				CODE_SIGN_STYLE = Automatic;
				DEVELOPMENT_TEAM = HGQ9YZ4HTR;
				INFOPLIST_FILE = MomanceTests/Info.plist;
				IPHONEOS_DEPLOYMENT_TARGET = 11.1;
				LD_RUNPATH_SEARCH_PATHS = "$(inherited) @executable_path/Frameworks @loader_path/Frameworks";
				PRODUCT_BUNDLE_IDENTIFIER = com.devming.MomanceTests;
				PRODUCT_NAME = "$(TARGET_NAME)";
				SWIFT_VERSION = 4.0;
				TARGETED_DEVICE_FAMILY = "1,2";
				TEST_HOST = "$(BUILT_PRODUCTS_DIR)/Momence.app/Momence";
			};
			name = Release;
		};
/* End XCBuildConfiguration section */

/* Begin XCConfigurationList section */
		CA85BC1C1F949437004B3077 /* Build configuration list for PBXProject "Momence" */ = {
			isa = XCConfigurationList;
			buildConfigurations = (
				CA85BC341F949438004B3077 /* Debug */,
				CA85BC351F949438004B3077 /* Release */,
			);
			defaultConfigurationIsVisible = 0;
			defaultConfigurationName = Release;
		};
		CA85BC361F949438004B3077 /* Build configuration list for PBXNativeTarget "Momence" */ = {
			isa = XCConfigurationList;
			buildConfigurations = (
				CA85BC371F949438004B3077 /* Debug */,
				CA85BC381F949438004B3077 /* Release */,
			);
			defaultConfigurationIsVisible = 0;
			defaultConfigurationName = Release;
		};
		CAAA85431FB02CC3006EB9FD /* Build configuration list for PBXNativeTarget "MomenceTests" */ = {
			isa = XCConfigurationList;
			buildConfigurations = (
				CAAA85411FB02CC3006EB9FD /* Debug */,
				CAAA85421FB02CC3006EB9FD /* Release */,
			);
			defaultConfigurationIsVisible = 0;
			defaultConfigurationName = Release;
		};
/* End XCConfigurationList section */

/* Begin XCVersionGroup section */
		CA85BC2B1F949437004B3077 /* Trace.xcdatamodeld */ = {
			isa = XCVersionGroup;
			children = (
				CA85BC2C1F949438004B3077 /* Trace.xcdatamodel */,
			);
			currentVersion = CA85BC2C1F949438004B3077 /* Trace.xcdatamodel */;
			path = Trace.xcdatamodeld;
			sourceTree = "<group>";
			versionGroupType = wrapper.xcdatamodel;
		};
/* End XCVersionGroup section */
	};
	rootObject = CA85BC191F949437004B3077 /* Project object */;
}
