// !$*UTF8*$!
{
	archiveVersion = 1;
	classes = {
	};
	objectVersion = 48;
	objects = {

/* Begin PBXBuildFile section */
		CA5DA1F21F986B2D0049D545 /* UploadTextModel.swift in Sources */ = {isa = PBXBuildFile; fileRef = CA5DA1F11F986B2D0049D545 /* UploadTextModel.swift */; };
		CA5DA1F41F986BC30049D545 /* TextVO.swift in Sources */ = {isa = PBXBuildFile; fileRef = CA5DA1F31F986BC30049D545 /* TextVO.swift */; };
		CA7776511F9C2B7C00F5F90A /* TextScene.scn in Resources */ = {isa = PBXBuildFile; fileRef = CA7776501F9C2B7C00F5F90A /* TextScene.scn */; };
		CA7776561F9CC53300F5F90A /* ARBlueBottomButton.swift in Sources */ = {isa = PBXBuildFile; fileRef = CA7776551F9CC53200F5F90A /* ARBlueBottomButton.swift */; };
		CA85BC251F949437004B3077 /* AppDelegate.swift in Sources */ = {isa = PBXBuildFile; fileRef = CA85BC241F949437004B3077 /* AppDelegate.swift */; };
		CA85BC271F949437004B3077 /* ARSceneViewController.swift in Sources */ = {isa = PBXBuildFile; fileRef = CA85BC261F949437004B3077 /* ARSceneViewController.swift */; };
		CA85BC2A1F949437004B3077 /* Main.storyboard in Resources */ = {isa = PBXBuildFile; fileRef = CA85BC281F949437004B3077 /* Main.storyboard */; };
		CA85BC2D1F949438004B3077 /* Trace.xcdatamodeld in Sources */ = {isa = PBXBuildFile; fileRef = CA85BC2B1F949437004B3077 /* Trace.xcdatamodeld */; };
		CA85BC2F1F949438004B3077 /* Assets.xcassets in Resources */ = {isa = PBXBuildFile; fileRef = CA85BC2E1F949438004B3077 /* Assets.xcassets */; };
		CA85BC321F949438004B3077 /* LaunchScreen.storyboard in Resources */ = {isa = PBXBuildFile; fileRef = CA85BC301F949438004B3077 /* LaunchScreen.storyboard */; };
		CA85BC3A1F94E424004B3077 /* ARTextViewController.swift in Sources */ = {isa = PBXBuildFile; fileRef = CA85BC391F94E424004B3077 /* ARTextViewController.swift */; };
		CA85BC3C1F94E436004B3077 /* ARImageViewController.swift in Sources */ = {isa = PBXBuildFile; fileRef = CA85BC3B1F94E436004B3077 /* ARImageViewController.swift */; };
		CACCADE31FA0720300101702 /* Realm.framework in Frameworks */ = {isa = PBXBuildFile; fileRef = CACCADE11FA0720300101702 /* Realm.framework */; };
		CACCADE41FA0720300101702 /* RealmSwift.framework in Frameworks */ = {isa = PBXBuildFile; fileRef = CACCADE21FA0720300101702 /* RealmSwift.framework */; };
		CACCADEC1FA0D28100101702 /* TraceTests.swift in Sources */ = {isa = PBXBuildFile; fileRef = CACCADEB1FA0D28100101702 /* TraceTests.swift */; };
		CACCADF41FA16E2800101702 /* User.plist in Resources */ = {isa = PBXBuildFile; fileRef = CACCADF31FA16E2800101702 /* User.plist */; };
		CAF69A6E1F94ED5A00757249 /* MyPageViewController.swift in Sources */ = {isa = PBXBuildFile; fileRef = CAF69A6D1F94ED5A00757249 /* MyPageViewController.swift */; };
		CAF69A701F94FD9100757249 /* CustomSegmentedControl.swift in Sources */ = {isa = PBXBuildFile; fileRef = CAF69A6F1F94FD9100757249 /* CustomSegmentedControl.swift */; };
		D0B76A52285E3909E61EE625 /* Pods_Trace.framework in Frameworks */ = {isa = PBXBuildFile; fileRef = 7899E01C006D5B08DDD6B1D5 /* Pods_Trace.framework */; };
		E41759EA764591C0B72BCD25 /* Pods_TraceTests.framework in Frameworks */ = {isa = PBXBuildFile; fileRef = 720438CB79DE32D32CC6DA20 /* Pods_TraceTests.framework */; };
/* End PBXBuildFile section */

/* Begin PBXContainerItemProxy section */
		CACCADEE1FA0D28100101702 /* PBXContainerItemProxy */ = {
			isa = PBXContainerItemProxy;
			containerPortal = CA85BC191F949437004B3077 /* Project object */;
			proxyType = 1;
			remoteGlobalIDString = CA85BC201F949437004B3077;
			remoteInfo = Trace;
		};
/* End PBXContainerItemProxy section */

/* Begin PBXFileReference section */
		31A3EA9533FB292BBC13BE2D /* Pods-Trace.release.xcconfig */ = {isa = PBXFileReference; includeInIndex = 1; lastKnownFileType = text.xcconfig; name = "Pods-Trace.release.xcconfig"; path = "Pods/Target Support Files/Pods-Trace/Pods-Trace.release.xcconfig"; sourceTree = "<group>"; };
		3A4F5027E253B4510B67911B /* Pods-TraceTests.debug.xcconfig */ = {isa = PBXFileReference; includeInIndex = 1; lastKnownFileType = text.xcconfig; name = "Pods-TraceTests.debug.xcconfig"; path = "Pods/Target Support Files/Pods-TraceTests/Pods-TraceTests.debug.xcconfig"; sourceTree = "<group>"; };
		66E45BEC2AA83D458D1B908B /* Pods-TraceTests.release.xcconfig */ = {isa = PBXFileReference; includeInIndex = 1; lastKnownFileType = text.xcconfig; name = "Pods-TraceTests.release.xcconfig"; path = "Pods/Target Support Files/Pods-TraceTests/Pods-TraceTests.release.xcconfig"; sourceTree = "<group>"; };
		720438CB79DE32D32CC6DA20 /* Pods_TraceTests.framework */ = {isa = PBXFileReference; explicitFileType = wrapper.framework; includeInIndex = 0; path = Pods_TraceTests.framework; sourceTree = BUILT_PRODUCTS_DIR; };
		7899E01C006D5B08DDD6B1D5 /* Pods_Trace.framework */ = {isa = PBXFileReference; explicitFileType = wrapper.framework; includeInIndex = 0; path = Pods_Trace.framework; sourceTree = BUILT_PRODUCTS_DIR; };
		A47304CDC9E920D1E9E07337 /* Pods-Trace.debug.xcconfig */ = {isa = PBXFileReference; includeInIndex = 1; lastKnownFileType = text.xcconfig; name = "Pods-Trace.debug.xcconfig"; path = "Pods/Target Support Files/Pods-Trace/Pods-Trace.debug.xcconfig"; sourceTree = "<group>"; };
		CA5DA1F11F986B2D0049D545 /* UploadTextModel.swift */ = {isa = PBXFileReference; lastKnownFileType = sourcecode.swift; path = UploadTextModel.swift; sourceTree = "<group>"; };
		CA5DA1F31F986BC30049D545 /* TextVO.swift */ = {isa = PBXFileReference; lastKnownFileType = sourcecode.swift; path = TextVO.swift; sourceTree = "<group>"; };
		CA7776501F9C2B7C00F5F90A /* TextScene.scn */ = {isa = PBXFileReference; lastKnownFileType = file.bplist; path = TextScene.scn; sourceTree = "<group>"; };
		CA7776551F9CC53200F5F90A /* ARBlueBottomButton.swift */ = {isa = PBXFileReference; lastKnownFileType = sourcecode.swift; path = ARBlueBottomButton.swift; sourceTree = "<group>"; };
		CA85BC211F949437004B3077 /* Trace.app */ = {isa = PBXFileReference; explicitFileType = wrapper.application; includeInIndex = 0; path = Trace.app; sourceTree = BUILT_PRODUCTS_DIR; };
		CA85BC241F949437004B3077 /* AppDelegate.swift */ = {isa = PBXFileReference; lastKnownFileType = sourcecode.swift; path = AppDelegate.swift; sourceTree = "<group>"; };
		CA85BC261F949437004B3077 /* ARSceneViewController.swift */ = {isa = PBXFileReference; lastKnownFileType = sourcecode.swift; path = ARSceneViewController.swift; sourceTree = "<group>"; };
		CA85BC291F949437004B3077 /* Base */ = {isa = PBXFileReference; lastKnownFileType = file.storyboard; name = Base; path = Base.lproj/Main.storyboard; sourceTree = "<group>"; };
		CA85BC2C1F949438004B3077 /* Trace.xcdatamodel */ = {isa = PBXFileReference; lastKnownFileType = wrapper.xcdatamodel; path = Trace.xcdatamodel; sourceTree = "<group>"; };
		CA85BC2E1F949438004B3077 /* Assets.xcassets */ = {isa = PBXFileReference; lastKnownFileType = folder.assetcatalog; path = Assets.xcassets; sourceTree = "<group>"; };
		CA85BC311F949438004B3077 /* Base */ = {isa = PBXFileReference; lastKnownFileType = file.storyboard; name = Base; path = Base.lproj/LaunchScreen.storyboard; sourceTree = "<group>"; };
		CA85BC331F949438004B3077 /* Info.plist */ = {isa = PBXFileReference; lastKnownFileType = text.plist.xml; path = Info.plist; sourceTree = "<group>"; };
		CA85BC391F94E424004B3077 /* ARTextViewController.swift */ = {isa = PBXFileReference; lastKnownFileType = sourcecode.swift; path = ARTextViewController.swift; sourceTree = "<group>"; };
		CA85BC3B1F94E436004B3077 /* ARImageViewController.swift */ = {isa = PBXFileReference; lastKnownFileType = sourcecode.swift; path = ARImageViewController.swift; sourceTree = "<group>"; };
		CACCADE11FA0720300101702 /* Realm.framework */ = {isa = PBXFileReference; lastKnownFileType = wrapper.framework; name = Realm.framework; path = "../../../Downloads/realm-swift-3.0.0/ios/swift-4.0/Realm.framework"; sourceTree = "<group>"; };
		CACCADE21FA0720300101702 /* RealmSwift.framework */ = {isa = PBXFileReference; lastKnownFileType = wrapper.framework; name = RealmSwift.framework; path = "../../../Downloads/realm-swift-3.0.0/ios/swift-4.0/RealmSwift.framework"; sourceTree = "<group>"; };
		CACCADE91FA0D28100101702 /* TraceTests.xctest */ = {isa = PBXFileReference; explicitFileType = wrapper.cfbundle; includeInIndex = 0; path = TraceTests.xctest; sourceTree = BUILT_PRODUCTS_DIR; };
		CACCADEB1FA0D28100101702 /* TraceTests.swift */ = {isa = PBXFileReference; lastKnownFileType = sourcecode.swift; path = TraceTests.swift; sourceTree = "<group>"; };
		CACCADED1FA0D28100101702 /* Info.plist */ = {isa = PBXFileReference; lastKnownFileType = text.plist.xml; path = Info.plist; sourceTree = "<group>"; };
		CACCADF31FA16E2800101702 /* User.plist */ = {isa = PBXFileReference; lastKnownFileType = text.plist.xml; path = User.plist; sourceTree = "<group>"; };
		CAF69A6D1F94ED5A00757249 /* MyPageViewController.swift */ = {isa = PBXFileReference; lastKnownFileType = sourcecode.swift; path = MyPageViewController.swift; sourceTree = "<group>"; };
		CAF69A6F1F94FD9100757249 /* CustomSegmentedControl.swift */ = {isa = PBXFileReference; lastKnownFileType = sourcecode.swift; path = CustomSegmentedControl.swift; sourceTree = "<group>"; };
		CAF69A721F9500AE00757249 /* arrow-back@2x.png */ = {isa = PBXFileReference; lastKnownFileType = image.png; path = "arrow-back@2x.png"; sourceTree = "<group>"; };
		CAF69A731F952C0600757249 /* arrow-forward@2x.png */ = {isa = PBXFileReference; lastKnownFileType = image.png; path = "arrow-forward@2x.png"; sourceTree = "<group>"; };
		CAF69A741F952F6300757249 /* fountainpen@2x.png */ = {isa = PBXFileReference; lastKnownFileType = image.png; path = "fountainpen@2x.png"; sourceTree = "<group>"; };
/* End PBXFileReference section */

/* Begin PBXFrameworksBuildPhase section */
		CA85BC1E1F949437004B3077 /* Frameworks */ = {
			isa = PBXFrameworksBuildPhase;
			buildActionMask = 2147483647;
			files = (
				CACCADE31FA0720300101702 /* Realm.framework in Frameworks */,
				CACCADE41FA0720300101702 /* RealmSwift.framework in Frameworks */,
				D0B76A52285E3909E61EE625 /* Pods_Trace.framework in Frameworks */,
			);
			runOnlyForDeploymentPostprocessing = 0;
		};
		CACCADE61FA0D28100101702 /* Frameworks */ = {
			isa = PBXFrameworksBuildPhase;
			buildActionMask = 2147483647;
			files = (
				E41759EA764591C0B72BCD25 /* Pods_TraceTests.framework in Frameworks */,
			);
			runOnlyForDeploymentPostprocessing = 0;
		};
/* End PBXFrameworksBuildPhase section */

/* Begin PBXGroup section */
		4813D5DA05F798910D72683B /* Pods */ = {
			isa = PBXGroup;
			children = (
				A47304CDC9E920D1E9E07337 /* Pods-Trace.debug.xcconfig */,
				31A3EA9533FB292BBC13BE2D /* Pods-Trace.release.xcconfig */,
				3A4F5027E253B4510B67911B /* Pods-TraceTests.debug.xcconfig */,
				66E45BEC2AA83D458D1B908B /* Pods-TraceTests.release.xcconfig */,
			);
			name = Pods;
			sourceTree = "<group>";
		};
		CA5DA1F01F986B0C0049D545 /* Model */ = {
			isa = PBXGroup;
			children = (
				CA5DA1F51F986BCE0049D545 /* VO */,
				CA5DA1F11F986B2D0049D545 /* UploadTextModel.swift */,
			);
			path = Model;
			sourceTree = "<group>";
		};
		CA5DA1F51F986BCE0049D545 /* VO */ = {
			isa = PBXGroup;
			children = (
				CA5DA1F31F986BC30049D545 /* TextVO.swift */,
			);
			path = VO;
			sourceTree = "<group>";
		};
		CA5DA1F61F98DBA30049D545 /* ViewController */ = {
			isa = PBXGroup;
			children = (
				CA7776541F9CC4FE00F5F90A /* CustomUI */,
				CA85BC261F949437004B3077 /* ARSceneViewController.swift */,
				CAF69A6F1F94FD9100757249 /* CustomSegmentedControl.swift */,
				CA85BC3B1F94E436004B3077 /* ARImageViewController.swift */,
				CAF69A6D1F94ED5A00757249 /* MyPageViewController.swift */,
				CA85BC391F94E424004B3077 /* ARTextViewController.swift */,
			);
			path = ViewController;
			sourceTree = "<group>";
		};
		CA77762F1F9A5DD600F5F90A /* ARSKView */ = {
			isa = PBXGroup;
			children = (
				CA7776501F9C2B7C00F5F90A /* TextScene.scn */,
			);
			path = ARSKView;
			sourceTree = "<group>";
		};
		CA7776541F9CC4FE00F5F90A /* CustomUI */ = {
			isa = PBXGroup;
			children = (
				CA7776551F9CC53200F5F90A /* ARBlueBottomButton.swift */,
			);
			path = CustomUI;
			sourceTree = "<group>";
		};
		CA85BC181F949437004B3077 = {
			isa = PBXGroup;
			children = (
				CAF69A711F9500A500757249 /* Resources */,
				CA85BC231F949437004B3077 /* Trace */,
				CACCADEA1FA0D28100101702 /* TraceTests */,
				CA85BC221F949437004B3077 /* Products */,
				CACCADE01FA0720300101702 /* Frameworks */,
				4813D5DA05F798910D72683B /* Pods */,
			);
			sourceTree = "<group>";
		};
		CA85BC221F949437004B3077 /* Products */ = {
			isa = PBXGroup;
			children = (
				CA85BC211F949437004B3077 /* Trace.app */,
				CACCADE91FA0D28100101702 /* TraceTests.xctest */,
			);
			name = Products;
			sourceTree = "<group>";
		};
		CA85BC231F949437004B3077 /* Trace */ = {
			isa = PBXGroup;
			children = (
				CA77762F1F9A5DD600F5F90A /* ARSKView */,
				CA5DA1F61F98DBA30049D545 /* ViewController */,
				CA5DA1F01F986B0C0049D545 /* Model */,
				CA85BC241F949437004B3077 /* AppDelegate.swift */,
				CA85BC281F949437004B3077 /* Main.storyboard */,
				CA85BC2E1F949438004B3077 /* Assets.xcassets */,
				CA85BC301F949438004B3077 /* LaunchScreen.storyboard */,
				CA85BC331F949438004B3077 /* Info.plist */,
				CACCADF31FA16E2800101702 /* User.plist */,
				CA85BC2B1F949437004B3077 /* Trace.xcdatamodeld */,
			);
			path = Trace;
			sourceTree = "<group>";
		};
		CACCADE01FA0720300101702 /* Frameworks */ = {
			isa = PBXGroup;
			children = (
				CACCADE11FA0720300101702 /* Realm.framework */,
				CACCADE21FA0720300101702 /* RealmSwift.framework */,
				7899E01C006D5B08DDD6B1D5 /* Pods_Trace.framework */,
				720438CB79DE32D32CC6DA20 /* Pods_TraceTests.framework */,
			);
			name = Frameworks;
			sourceTree = "<group>";
		};
		CACCADEA1FA0D28100101702 /* TraceTests */ = {
			isa = PBXGroup;
			children = (
				CACCADEB1FA0D28100101702 /* TraceTests.swift */,
				CACCADED1FA0D28100101702 /* Info.plist */,
			);
			path = TraceTests;
			sourceTree = "<group>";
		};
		CAF69A711F9500A500757249 /* Resources */ = {
			isa = PBXGroup;
			children = (
				CAF69A721F9500AE00757249 /* arrow-back@2x.png */,
				CAF69A731F952C0600757249 /* arrow-forward@2x.png */,
				CAF69A741F952F6300757249 /* fountainpen@2x.png */,
			);
			path = Resources;
			sourceTree = "<group>";
		};
/* End PBXGroup section */

/* Begin PBXNativeTarget section */
		CA85BC201F949437004B3077 /* Trace */ = {
			isa = PBXNativeTarget;
			buildConfigurationList = CA85BC361F949438004B3077 /* Build configuration list for PBXNativeTarget "Trace" */;
			buildPhases = (
				DF811EE7C44F40DC74F0E438 /* [CP] Check Pods Manifest.lock */,
				CA85BC1D1F949437004B3077 /* Sources */,
				CA85BC1E1F949437004B3077 /* Frameworks */,
				CA85BC1F1F949437004B3077 /* Resources */,
				284874F20AD6C83BD2FCB16A /* [CP] Embed Pods Frameworks */,
				D3D1B9F367E597FE0CE0C9C0 /* [CP] Copy Pods Resources */,
			);
			buildRules = (
			);
			dependencies = (
			);
			name = Trace;
			productName = Trace;
			productReference = CA85BC211F949437004B3077 /* Trace.app */;
			productType = "com.apple.product-type.application";
		};
		CACCADE81FA0D28100101702 /* TraceTests */ = {
			isa = PBXNativeTarget;
			buildConfigurationList = CACCADF01FA0D28100101702 /* Build configuration list for PBXNativeTarget "TraceTests" */;
			buildPhases = (
				DFA35E421217AAF6CF29EEA1 /* [CP] Check Pods Manifest.lock */,
				CACCADE51FA0D28100101702 /* Sources */,
				CACCADE61FA0D28100101702 /* Frameworks */,
				CACCADE71FA0D28100101702 /* Resources */,
				89D2D7FD9BE86766A17E3166 /* [CP] Embed Pods Frameworks */,
				4549B74C9427194509BF4123 /* [CP] Copy Pods Resources */,
			);
			buildRules = (
			);
			dependencies = (
				CACCADEF1FA0D28100101702 /* PBXTargetDependency */,
			);
			name = TraceTests;
			productName = TraceTests;
			productReference = CACCADE91FA0D28100101702 /* TraceTests.xctest */;
			productType = "com.apple.product-type.bundle.unit-test";
		};
/* End PBXNativeTarget section */

/* Begin PBXProject section */
		CA85BC191F949437004B3077 /* Project object */ = {
			isa = PBXProject;
			attributes = {
				LastSwiftUpdateCheck = 0900;
				LastUpgradeCheck = 0900;
				ORGANIZATIONNAME = Shifter;
				TargetAttributes = {
					CA85BC201F949437004B3077 = {
						CreatedOnToolsVersion = 9.0;
						ProvisioningStyle = Automatic;
					};
					CACCADE81FA0D28100101702 = {
						CreatedOnToolsVersion = 9.0;
						ProvisioningStyle = Automatic;
						TestTargetID = CA85BC201F949437004B3077;
					};
				};
			};
			buildConfigurationList = CA85BC1C1F949437004B3077 /* Build configuration list for PBXProject "Trace" */;
			compatibilityVersion = "Xcode 8.0";
			developmentRegion = en;
			hasScannedForEncodings = 0;
			knownRegions = (
				en,
				Base,
			);
			mainGroup = CA85BC181F949437004B3077;
			productRefGroup = CA85BC221F949437004B3077 /* Products */;
			projectDirPath = "";
			projectRoot = "";
			targets = (
				CA85BC201F949437004B3077 /* Trace */,
				CACCADE81FA0D28100101702 /* TraceTests */,
			);
		};
/* End PBXProject section */

/* Begin PBXResourcesBuildPhase section */
		CA85BC1F1F949437004B3077 /* Resources */ = {
			isa = PBXResourcesBuildPhase;
			buildActionMask = 2147483647;
			files = (
				CA85BC321F949438004B3077 /* LaunchScreen.storyboard in Resources */,
				CA85BC2F1F949438004B3077 /* Assets.xcassets in Resources */,
				CA7776511F9C2B7C00F5F90A /* TextScene.scn in Resources */,
				CACCADF41FA16E2800101702 /* User.plist in Resources */,
				CA85BC2A1F949437004B3077 /* Main.storyboard in Resources */,
			);
			runOnlyForDeploymentPostprocessing = 0;
		};
		CACCADE71FA0D28100101702 /* Resources */ = {
			isa = PBXResourcesBuildPhase;
			buildActionMask = 2147483647;
			files = (
			);
			runOnlyForDeploymentPostprocessing = 0;
		};
/* End PBXResourcesBuildPhase section */

/* Begin PBXShellScriptBuildPhase section */
		284874F20AD6C83BD2FCB16A /* [CP] Embed Pods Frameworks */ = {
			isa = PBXShellScriptBuildPhase;
			buildActionMask = 2147483647;
			files = (
			);
			inputPaths = (
				"${SRCROOT}/Pods/Target Support Files/Pods-Trace/Pods-Trace-frameworks.sh",
				"${BUILT_PRODUCTS_DIR}/Realm/Realm.framework",
				"${BUILT_PRODUCTS_DIR}/RealmSwift/RealmSwift.framework",
			);
			name = "[CP] Embed Pods Frameworks";
			outputPaths = (
				"${TARGET_BUILD_DIR}/${FRAMEWORKS_FOLDER_PATH}/Realm.framework",
				"${TARGET_BUILD_DIR}/${FRAMEWORKS_FOLDER_PATH}/RealmSwift.framework",
			);
			runOnlyForDeploymentPostprocessing = 0;
			shellPath = /bin/sh;
			shellScript = "\"${SRCROOT}/Pods/Target Support Files/Pods-Trace/Pods-Trace-frameworks.sh\"\n";
			showEnvVarsInLog = 0;
		};
		4549B74C9427194509BF4123 /* [CP] Copy Pods Resources */ = {
			isa = PBXShellScriptBuildPhase;
			buildActionMask = 2147483647;
			files = (
			);
			inputPaths = (
			);
			name = "[CP] Copy Pods Resources";
			outputPaths = (
			);
			runOnlyForDeploymentPostprocessing = 0;
			shellPath = /bin/sh;
			shellScript = "\"${SRCROOT}/Pods/Target Support Files/Pods-TraceTests/Pods-TraceTests-resources.sh\"\n";
			showEnvVarsInLog = 0;
		};
		89D2D7FD9BE86766A17E3166 /* [CP] Embed Pods Frameworks */ = {
			isa = PBXShellScriptBuildPhase;
			buildActionMask = 2147483647;
			files = (
			);
			inputPaths = (
			);
			name = "[CP] Embed Pods Frameworks";
			outputPaths = (
			);
			runOnlyForDeploymentPostprocessing = 0;
			shellPath = /bin/sh;
			shellScript = "\"${SRCROOT}/Pods/Target Support Files/Pods-TraceTests/Pods-TraceTests-frameworks.sh\"\n";
			showEnvVarsInLog = 0;
		};
		D3D1B9F367E597FE0CE0C9C0 /* [CP] Copy Pods Resources */ = {
			isa = PBXShellScriptBuildPhase;
			buildActionMask = 2147483647;
			files = (
			);
			inputPaths = (
			);
			name = "[CP] Copy Pods Resources";
			outputPaths = (
			);
			runOnlyForDeploymentPostprocessing = 0;
			shellPath = /bin/sh;
			shellScript = "\"${SRCROOT}/Pods/Target Support Files/Pods-Trace/Pods-Trace-resources.sh\"\n";
			showEnvVarsInLog = 0;
		};
		DF811EE7C44F40DC74F0E438 /* [CP] Check Pods Manifest.lock */ = {
			isa = PBXShellScriptBuildPhase;
			buildActionMask = 2147483647;
			files = (
			);
			inputPaths = (
				"${PODS_PODFILE_DIR_PATH}/Podfile.lock",
				"${PODS_ROOT}/Manifest.lock",
			);
			name = "[CP] Check Pods Manifest.lock";
			outputPaths = (
				"$(DERIVED_FILE_DIR)/Pods-Trace-checkManifestLockResult.txt",
			);
			runOnlyForDeploymentPostprocessing = 0;
			shellPath = /bin/sh;
			shellScript = "diff \"${PODS_PODFILE_DIR_PATH}/Podfile.lock\" \"${PODS_ROOT}/Manifest.lock\" > /dev/null\nif [ $? != 0 ] ; then\n    # print error to STDERR\n    echo \"error: The sandbox is not in sync with the Podfile.lock. Run 'pod install' or update your CocoaPods installation.\" >&2\n    exit 1\nfi\n# This output is used by Xcode 'outputs' to avoid re-running this script phase.\necho \"SUCCESS\" > \"${SCRIPT_OUTPUT_FILE_0}\"\n";
			showEnvVarsInLog = 0;
		};
		DFA35E421217AAF6CF29EEA1 /* [CP] Check Pods Manifest.lock */ = {
			isa = PBXShellScriptBuildPhase;
			buildActionMask = 2147483647;
			files = (
			);
			inputPaths = (
				"${PODS_PODFILE_DIR_PATH}/Podfile.lock",
				"${PODS_ROOT}/Manifest.lock",
			);
			name = "[CP] Check Pods Manifest.lock";
			outputPaths = (
				"$(DERIVED_FILE_DIR)/Pods-TraceTests-checkManifestLockResult.txt",
			);
			runOnlyForDeploymentPostprocessing = 0;
			shellPath = /bin/sh;
			shellScript = "diff \"${PODS_PODFILE_DIR_PATH}/Podfile.lock\" \"${PODS_ROOT}/Manifest.lock\" > /dev/null\nif [ $? != 0 ] ; then\n    # print error to STDERR\n    echo \"error: The sandbox is not in sync with the Podfile.lock. Run 'pod install' or update your CocoaPods installation.\" >&2\n    exit 1\nfi\n# This output is used by Xcode 'outputs' to avoid re-running this script phase.\necho \"SUCCESS\" > \"${SCRIPT_OUTPUT_FILE_0}\"\n";
			showEnvVarsInLog = 0;
		};
/* End PBXShellScriptBuildPhase section */

/* Begin PBXSourcesBuildPhase section */
		CA85BC1D1F949437004B3077 /* Sources */ = {
			isa = PBXSourcesBuildPhase;
			buildActionMask = 2147483647;
			files = (
				CAF69A701F94FD9100757249 /* CustomSegmentedControl.swift in Sources */,
				CA85BC3A1F94E424004B3077 /* ARTextViewController.swift in Sources */,
				CAF69A6E1F94ED5A00757249 /* MyPageViewController.swift in Sources */,
				CA7776561F9CC53300F5F90A /* ARBlueBottomButton.swift in Sources */,
				CA85BC271F949437004B3077 /* ARSceneViewController.swift in Sources */,
				CA85BC2D1F949438004B3077 /* Trace.xcdatamodeld in Sources */,
				CA5DA1F21F986B2D0049D545 /* UploadTextModel.swift in Sources */,
				CA85BC251F949437004B3077 /* AppDelegate.swift in Sources */,
				CA85BC3C1F94E436004B3077 /* ARImageViewController.swift in Sources */,
				CA5DA1F41F986BC30049D545 /* TextVO.swift in Sources */,
			);
			runOnlyForDeploymentPostprocessing = 0;
		};
		CACCADE51FA0D28100101702 /* Sources */ = {
			isa = PBXSourcesBuildPhase;
			buildActionMask = 2147483647;
			files = (
				CACCADEC1FA0D28100101702 /* TraceTests.swift in Sources */,
			);
			runOnlyForDeploymentPostprocessing = 0;
		};
/* End PBXSourcesBuildPhase section */

/* Begin PBXTargetDependency section */
		CACCADEF1FA0D28100101702 /* PBXTargetDependency */ = {
			isa = PBXTargetDependency;
			target = CA85BC201F949437004B3077 /* Trace */;
			targetProxy = CACCADEE1FA0D28100101702 /* PBXContainerItemProxy */;
		};
/* End PBXTargetDependency section */

/* Begin PBXVariantGroup section */
		CA85BC281F949437004B3077 /* Main.storyboard */ = {
			isa = PBXVariantGroup;
			children = (
				CA85BC291F949437004B3077 /* Base */,
			);
			name = Main.storyboard;
			sourceTree = "<group>";
		};
		CA85BC301F949438004B3077 /* LaunchScreen.storyboard */ = {
			isa = PBXVariantGroup;
			children = (
				CA85BC311F949438004B3077 /* Base */,
			);
			name = LaunchScreen.storyboard;
			sourceTree = "<group>";
		};
/* End PBXVariantGroup section */

/* Begin XCBuildConfiguration section */
		CA85BC341F949438004B3077 /* Debug */ = {
			isa = XCBuildConfiguration;
			buildSettings = {
				ALWAYS_SEARCH_USER_PATHS = NO;
				CLANG_ANALYZER_NONNULL = YES;
				CLANG_ANALYZER_NUMBER_OBJECT_CONVERSION = YES_AGGRESSIVE;
				CLANG_CXX_LANGUAGE_STANDARD = "gnu++14";
				CLANG_CXX_LIBRARY = "libc++";
				CLANG_ENABLE_MODULES = YES;
				CLANG_ENABLE_OBJC_ARC = YES;
				CLANG_WARN_BLOCK_CAPTURE_AUTORELEASING = YES;
				CLANG_WARN_BOOL_CONVERSION = YES;
				CLANG_WARN_COMMA = YES;
				CLANG_WARN_CONSTANT_CONVERSION = YES;
				CLANG_WARN_DIRECT_OBJC_ISA_USAGE = YES_ERROR;
				CLANG_WARN_DOCUMENTATION_COMMENTS = YES;
				CLANG_WARN_EMPTY_BODY = YES;
				CLANG_WARN_ENUM_CONVERSION = YES;
				CLANG_WARN_INFINITE_RECURSION = YES;
				CLANG_WARN_INT_CONVERSION = YES;
				CLANG_WARN_NON_LITERAL_NULL_CONVERSION = YES;
				CLANG_WARN_OBJC_LITERAL_CONVERSION = YES;
				CLANG_WARN_OBJC_ROOT_CLASS = YES_ERROR;
				CLANG_WARN_RANGE_LOOP_ANALYSIS = YES;
				CLANG_WARN_STRICT_PROTOTYPES = YES;
				CLANG_WARN_SUSPICIOUS_MOVE = YES;
				CLANG_WARN_UNGUARDED_AVAILABILITY = YES_AGGRESSIVE;
				CLANG_WARN_UNREACHABLE_CODE = YES;
				CLANG_WARN__DUPLICATE_METHOD_MATCH = YES;
				CODE_SIGN_IDENTITY = "iPhone Developer";
				COPY_PHASE_STRIP = NO;
				DEBUG_INFORMATION_FORMAT = dwarf;
				ENABLE_STRICT_OBJC_MSGSEND = YES;
				ENABLE_TESTABILITY = YES;
				GCC_C_LANGUAGE_STANDARD = gnu11;
				GCC_DYNAMIC_NO_PIC = NO;
				GCC_NO_COMMON_BLOCKS = YES;
				GCC_OPTIMIZATION_LEVEL = 0;
				GCC_PREPROCESSOR_DEFINITIONS = (
					"DEBUG=1",
					"$(inherited)",
				);
				GCC_WARN_64_TO_32_BIT_CONVERSION = YES;
				GCC_WARN_ABOUT_RETURN_TYPE = YES_ERROR;
				GCC_WARN_UNDECLARED_SELECTOR = YES;
				GCC_WARN_UNINITIALIZED_AUTOS = YES_AGGRESSIVE;
				GCC_WARN_UNUSED_FUNCTION = YES;
				GCC_WARN_UNUSED_VARIABLE = YES;
				IPHONEOS_DEPLOYMENT_TARGET = 11.0;
				MTL_ENABLE_DEBUG_INFO = YES;
				ONLY_ACTIVE_ARCH = YES;
				SDKROOT = iphoneos;
				SWIFT_ACTIVE_COMPILATION_CONDITIONS = DEBUG;
				SWIFT_OPTIMIZATION_LEVEL = "-Onone";
			};
			name = Debug;
		};
		CA85BC351F949438004B3077 /* Release */ = {
			isa = XCBuildConfiguration;
			buildSettings = {
				ALWAYS_SEARCH_USER_PATHS = NO;
				CLANG_ANALYZER_NONNULL = YES;
				CLANG_ANALYZER_NUMBER_OBJECT_CONVERSION = YES_AGGRESSIVE;
				CLANG_CXX_LANGUAGE_STANDARD = "gnu++14";
				CLANG_CXX_LIBRARY = "libc++";
				CLANG_ENABLE_MODULES = YES;
				CLANG_ENABLE_OBJC_ARC = YES;
				CLANG_WARN_BLOCK_CAPTURE_AUTORELEASING = YES;
				CLANG_WARN_BOOL_CONVERSION = YES;
				CLANG_WARN_COMMA = YES;
				CLANG_WARN_CONSTANT_CONVERSION = YES;
				CLANG_WARN_DIRECT_OBJC_ISA_USAGE = YES_ERROR;
				CLANG_WARN_DOCUMENTATION_COMMENTS = YES;
				CLANG_WARN_EMPTY_BODY = YES;
				CLANG_WARN_ENUM_CONVERSION = YES;
				CLANG_WARN_INFINITE_RECURSION = YES;
				CLANG_WARN_INT_CONVERSION = YES;
				CLANG_WARN_NON_LITERAL_NULL_CONVERSION = YES;
				CLANG_WARN_OBJC_LITERAL_CONVERSION = YES;
				CLANG_WARN_OBJC_ROOT_CLASS = YES_ERROR;
				CLANG_WARN_RANGE_LOOP_ANALYSIS = YES;
				CLANG_WARN_STRICT_PROTOTYPES = YES;
				CLANG_WARN_SUSPICIOUS_MOVE = YES;
				CLANG_WARN_UNGUARDED_AVAILABILITY = YES_AGGRESSIVE;
				CLANG_WARN_UNREACHABLE_CODE = YES;
				CLANG_WARN__DUPLICATE_METHOD_MATCH = YES;
				CODE_SIGN_IDENTITY = "iPhone Developer";
				COPY_PHASE_STRIP = NO;
				DEBUG_INFORMATION_FORMAT = "dwarf-with-dsym";
				ENABLE_NS_ASSERTIONS = NO;
				ENABLE_STRICT_OBJC_MSGSEND = YES;
				GCC_C_LANGUAGE_STANDARD = gnu11;
				GCC_NO_COMMON_BLOCKS = YES;
				GCC_WARN_64_TO_32_BIT_CONVERSION = YES;
				GCC_WARN_ABOUT_RETURN_TYPE = YES_ERROR;
				GCC_WARN_UNDECLARED_SELECTOR = YES;
				GCC_WARN_UNINITIALIZED_AUTOS = YES_AGGRESSIVE;
				GCC_WARN_UNUSED_FUNCTION = YES;
				GCC_WARN_UNUSED_VARIABLE = YES;
				IPHONEOS_DEPLOYMENT_TARGET = 11.0;
				MTL_ENABLE_DEBUG_INFO = NO;
				SDKROOT = iphoneos;
				SWIFT_OPTIMIZATION_LEVEL = "-Owholemodule";
				VALIDATE_PRODUCT = YES;
			};
			name = Release;
		};
		CA85BC371F949438004B3077 /* Debug */ = {
			isa = XCBuildConfiguration;
			baseConfigurationReference = A47304CDC9E920D1E9E07337 /* Pods-Trace.debug.xcconfig */;
			buildSettings = {
				ASSETCATALOG_COMPILER_APPICON_NAME = AppIcon;
				CODE_SIGN_STYLE = Automatic;
				DEVELOPMENT_TEAM = HGQ9YZ4HTR;
				INFOPLIST_FILE = Trace/Info.plist;
				IPHONEOS_DEPLOYMENT_TARGET = 11.0;
				LD_RUNPATH_SEARCH_PATHS = "$(inherited) @executable_path/Frameworks";
				PRODUCT_BUNDLE_IDENTIFIER = com.shifter;
				PRODUCT_NAME = "$(TARGET_NAME)";
				SWIFT_VERSION = 4.0;
				TARGETED_DEVICE_FAMILY = "1,2";
			};
			name = Debug;
		};
		CA85BC381F949438004B3077 /* Release */ = {
			isa = XCBuildConfiguration;
			baseConfigurationReference = 31A3EA9533FB292BBC13BE2D /* Pods-Trace.release.xcconfig */;
			buildSettings = {
				ASSETCATALOG_COMPILER_APPICON_NAME = AppIcon;
				CODE_SIGN_STYLE = Automatic;
				DEVELOPMENT_TEAM = HGQ9YZ4HTR;
				INFOPLIST_FILE = Trace/Info.plist;
				IPHONEOS_DEPLOYMENT_TARGET = 11.0;
				LD_RUNPATH_SEARCH_PATHS = "$(inherited) @executable_path/Frameworks";
				PRODUCT_BUNDLE_IDENTIFIER = com.shifter;
				PRODUCT_NAME = "$(TARGET_NAME)";
				SWIFT_VERSION = 4.0;
				TARGETED_DEVICE_FAMILY = "1,2";
			};
			name = Release;
		};
		CACCADF11FA0D28100101702 /* Debug */ = {
			isa = XCBuildConfiguration;
			baseConfigurationReference = 3A4F5027E253B4510B67911B /* Pods-TraceTests.debug.xcconfig */;
			buildSettings = {
				BUNDLE_LOADER = "$(TEST_HOST)";
				CODE_SIGN_STYLE = Automatic;
				DEVELOPMENT_TEAM = HGQ9YZ4HTR;
				INFOPLIST_FILE = TraceTests/Info.plist;
				LD_RUNPATH_SEARCH_PATHS = "$(inherited) @executable_path/Frameworks @loader_path/Frameworks";
				PRODUCT_BUNDLE_IDENTIFIER = com.devming.TraceTests;
				PRODUCT_NAME = "$(TARGET_NAME)";
				SWIFT_VERSION = 4.0;
				TARGETED_DEVICE_FAMILY = "1,2";
				TEST_HOST = "$(BUILT_PRODUCTS_DIR)/Trace.app/Trace";
			};
			name = Debug;
		};
		CACCADF21FA0D28100101702 /* Release */ = {
			isa = XCBuildConfiguration;
			baseConfigurationReference = 66E45BEC2AA83D458D1B908B /* Pods-TraceTests.release.xcconfig */;
			buildSettings = {
				BUNDLE_LOADER = "$(TEST_HOST)";
				CODE_SIGN_STYLE = Automatic;
				DEVELOPMENT_TEAM = HGQ9YZ4HTR;
				INFOPLIST_FILE = TraceTests/Info.plist;
				LD_RUNPATH_SEARCH_PATHS = "$(inherited) @executable_path/Frameworks @loader_path/Frameworks";
				PRODUCT_BUNDLE_IDENTIFIER = com.devming.TraceTests;
				PRODUCT_NAME = "$(TARGET_NAME)";
				SWIFT_VERSION = 4.0;
				TARGETED_DEVICE_FAMILY = "1,2";
				TEST_HOST = "$(BUILT_PRODUCTS_DIR)/Trace.app/Trace";
			};
			name = Release;
		};
/* End XCBuildConfiguration section */

/* Begin XCConfigurationList section */
		CA85BC1C1F949437004B3077 /* Build configuration list for PBXProject "Trace" */ = {
			isa = XCConfigurationList;
			buildConfigurations = (
				CA85BC341F949438004B3077 /* Debug */,
				CA85BC351F949438004B3077 /* Release */,
			);
			defaultConfigurationIsVisible = 0;
			defaultConfigurationName = Release;
		};
		CA85BC361F949438004B3077 /* Build configuration list for PBXNativeTarget "Trace" */ = {
			isa = XCConfigurationList;
			buildConfigurations = (
				CA85BC371F949438004B3077 /* Debug */,
				CA85BC381F949438004B3077 /* Release */,
			);
			defaultConfigurationIsVisible = 0;
			defaultConfigurationName = Release;
		};
		CACCADF01FA0D28100101702 /* Build configuration list for PBXNativeTarget "TraceTests" */ = {
			isa = XCConfigurationList;
			buildConfigurations = (
				CACCADF11FA0D28100101702 /* Debug */,
				CACCADF21FA0D28100101702 /* Release */,
			);
			defaultConfigurationIsVisible = 0;
			defaultConfigurationName = Release;
		};
/* End XCConfigurationList section */

/* Begin XCVersionGroup section */
		CA85BC2B1F949437004B3077 /* Trace.xcdatamodeld */ = {
			isa = XCVersionGroup;
			children = (
				CA85BC2C1F949438004B3077 /* Trace.xcdatamodel */,
			);
			currentVersion = CA85BC2C1F949438004B3077 /* Trace.xcdatamodel */;
			path = Trace.xcdatamodeld;
			sourceTree = "<group>";
			versionGroupType = wrapper.xcdatamodel;
		};
/* End XCVersionGroup section */
	};
	rootObject = CA85BC191F949437004B3077 /* Project object */;
}
